
Microsoft Visual Studio Solution File, Format Version 12.00
# Visual Studio Version 17
VisualStudioVersion = 17.5.2.0
MinimumVisualStudioVersion = 10.0.40219.1
Project("{2150E333-8FDC-42A3-9474-1A3956D46DE8}") = "src", "src", "{827E0CD3-B72D-47B6-A68D-7590B98EB39B}"
EndProject
Project("{FAE04EC0-301F-11D3-BF4B-00C04F79EFBC}") = "TutoringPlatform", "src\TutoringPlatform\TutoringPlatform.csproj", "{E360B687-24F0-597E-5935-F79DE28A0662}"
EndProject
Project("{2150E333-8FDC-42A3-9474-1A3956D46DE8}") = "tests", "tests", "{0AB3BF05-4346-4AA6-1389-037BE0695223}"
EndProject
Project("{FAE04EC0-301F-11D3-BF4B-00C04F79EFBC}") = "TutoringPlatform.Tests", "tests\TutoringPlatform.Tests\TutoringPlatform.Tests.csproj", "{6CA79075-2C46-4813-AB97-292AEB6F3A93}"
EndProject
Global
	GlobalSection(SolutionConfigurationPlatforms) = preSolution
		Debug|Any CPU = Debug|Any CPU
		Debug|x64 = Debug|x64
		Debug|x86 = Debug|x86
		Release|Any CPU = Release|Any CPU
		Release|x64 = Release|x64
		Release|x86 = Release|x86
	EndGlobalSection
	GlobalSection(ProjectConfigurationPlatforms) = postSolution
		{E360B687-24F0-597E-5935-F79DE28A0662}.Debug|Any CPU.ActiveCfg = Debug|Any CPU
		{E360B687-24F0-597E-5935-F79DE28A0662}.Debug|Any CPU.Build.0 = Debug|Any CPU
		{E360B687-24F0-597E-5935-F79DE28A0662}.Debug|x64.ActiveCfg = Debug|Any CPU
		{E360B687-24F0-597E-5935-F79DE28A0662}.Debug|x64.Build.0 = Debug|Any CPU
		{E360B687-24F0-597E-5935-F79DE28A0662}.Debug|x86.ActiveCfg = Debug|Any CPU
		{E360B687-24F0-597E-5935-F79DE28A0662}.Debug|x86.Build.0 = Debug|Any CPU
		{E360B687-24F0-597E-5935-F79DE28A0662}.Release|Any CPU.ActiveCfg = Release|Any CPU
		{E360B687-24F0-597E-5935-F79DE28A0662}.Release|Any CPU.Build.0 = Release|Any CPU
		{E360B687-24F0-597E-5935-F79DE28A0662}.Release|x64.ActiveCfg = Release|Any CPU
		{E360B687-24F0-597E-5935-F79DE28A0662}.Release|x64.Build.0 = Release|Any CPU
		{E360B687-24F0-597E-5935-F79DE28A0662}.Release|x86.ActiveCfg = Release|Any CPU
		{E360B687-24F0-597E-5935-F79DE28A0662}.Release|x86.Build.0 = Release|Any CPU
		{6CA79075-2C46-4813-AB97-292AEB6F3A93}.Debug|Any CPU.ActiveCfg = Debug|Any CPU
		{6CA79075-2C46-4813-AB97-292AEB6F3A93}.Debug|Any CPU.Build.0 = Debug|Any CPU
		{6CA79075-2C46-4813-AB97-292AEB6F3A93}.Debug|x64.ActiveCfg = Debug|Any CPU
		{6CA79075-2C46-4813-AB97-292AEB6F3A93}.Debug|x64.Build.0 = Debug|Any CPU
		{6CA79075-2C46-4813-AB97-292AEB6F3A93}.Debug|x86.ActiveCfg = Debug|Any CPU
		{6CA79075-2C46-4813-AB97-292AEB6F3A93}.Debug|x86.Build.0 = Debug|Any CPU
		{6CA79075-2C46-4813-AB97-292AEB6F3A93}.Release|Any CPU.ActiveCfg = Release|Any CPU
		{6CA79075-2C46-4813-AB97-292AEB6F3A93}.Release|Any CPU.Build.0 = Release|Any CPU
		{6CA79075-2C46-4813-AB97-292AEB6F3A93}.Release|x64.ActiveCfg = Release|Any CPU
		{6CA79075-2C46-4813-AB97-292AEB6F3A93}.Release|x64.Build.0 = Release|Any CPU
		{6CA79075-2C46-4813-AB97-292AEB6F3A93}.Release|x86.ActiveCfg = Release|Any CPU
		{6CA79075-2C46-4813-AB97-292AEB6F3A93}.Release|x86.Build.0 = Release|Any CPU
	EndGlobalSection
	GlobalSection(SolutionProperties) = preSolution
		HideSolutionNode = FALSE
	EndGlobalSection
	GlobalSection(NestedProjects) = preSolution
		{E360B687-24F0-597E-5935-F79DE28A0662} = {827E0CD3-B72D-47B6-A68D-7590B98EB39B}
		{6CA79075-2C46-4813-AB97-292AEB6F3A93} = {0AB3BF05-4346-4AA6-1389-037BE0695223}
	EndGlobalSection
	GlobalSection(ExtensibilityGlobals) = postSolution
		SolutionGuid = {B8BAADC7-3A69-48D2-9715-680E4F99AEC9}
	EndGlobalSection
EndGlobal
